
Microsoft Visual Studio Solution File, Format Version 12.00
# Visual Studio Version 17
VisualStudioVersion = 17.3.32929.385
MinimumVisualStudioVersion = 10.0.40219.1
Project("{FAE04EC0-301F-11D3-BF4B-00C04F79EFBC}") = "UnluauFramework", "Unluau\UnluauFramework.csproj", "{78978339-059F-4E41-ABD4-B904507B4684}"
EndProject
Global
	GlobalSection(SolutionConfigurationPlatforms) = preSolution
		Debug|Any CPU = Debug|Any CPU
		Release|Any CPU = Release|Any CPU
	EndGlobalSection
	GlobalSection(ProjectConfigurationPlatforms) = postSolution
		{78978339-059F-4E41-ABD4-B904507B4684}.Debug|Any CPU.ActiveCfg = Debug|Any CPU
		{78978339-059F-4E41-ABD4-B904507B4684}.Debug|Any CPU.Build.0 = Debug|Any CPU
		{78978339-059F-4E41-ABD4-B904507B4684}.Release|Any CPU.ActiveCfg = Release|Any CPU
		{78978339-059F-4E41-ABD4-B904507B4684}.Release|Any CPU.Build.0 = Release|Any CPU
	EndGlobalSection
	GlobalSection(SolutionProperties) = preSolution
		HideSolutionNode = FALSE
	EndGlobalSection
	GlobalSection(ExtensibilityGlobals) = postSolution
		SolutionGuid = {AB76A972-E0AE-4BFA-9879-01053B4784F9}
	EndGlobalSection
EndGlobal
